
Microsoft Visual Studio Solution File, Format Version 12.00
# Visual Studio Version 16
VisualStudioVersion = 16.0.32510.428
MinimumVisualStudioVersion = 10.0.40219.1
Project("{FAE04EC0-301F-11D3-BF4B-00C04F79EFBC}") = "SF2022UserEkbParkLib", "SF2022UserEkbParkLib.csproj", "{210825C1-C585-4D21-92AD-DC8F3A3493ED}"
EndProject
Global
	GlobalSection(SolutionConfigurationPlatforms) = preSolution
		Debug|Any CPU = Debug|Any CPU
		Release|Any CPU = Release|Any CPU
	EndGlobalSection
	GlobalSection(ProjectConfigurationPlatforms) = postSolution
		{210825C1-C585-4D21-92AD-DC8F3A3493ED}.Debug|Any CPU.ActiveCfg = Debug|Any CPU
		{210825C1-C585-4D21-92AD-DC8F3A3493ED}.Debug|Any CPU.Build.0 = Debug|Any CPU
		{210825C1-C585-4D21-92AD-DC8F3A3493ED}.Release|Any CPU.ActiveCfg = Release|Any CPU
		{210825C1-C585-4D21-92AD-DC8F3A3493ED}.Release|Any CPU.Build.0 = Release|Any CPU
	EndGlobalSection
	GlobalSection(SolutionProperties) = preSolution
		HideSolutionNode = FALSE
	EndGlobalSection
	GlobalSection(ExtensibilityGlobals) = postSolution
		SolutionGuid = {3EBDA088-F6D4-4034-ABAF-EF0BF558E777}
	EndGlobalSection
EndGlobal
